
Microsoft Visual Studio Solution File, Format Version 12.00
# Visual Studio Version 17
VisualStudioVersion = 17.13.35931.197 d17.13
MinimumVisualStudioVersion = 10.0.40219.1
Project("{8BC9CEB8-8B4A-11D0-8D11-00A0C91BC942}") = "LibraryMain", "LibraryMain\LibraryMain.vcxproj", "{FA372878-8996-4716-A49C-36A945EB5250}"
EndProject
Global
	GlobalSection(SolutionConfigurationPlatforms) = preSolution
		Debug|x64 = Debug|x64
		Debug|x86 = Debug|x86
		Release|x64 = Release|x64
		Release|x86 = Release|x86
	EndGlobalSection
	GlobalSection(ProjectConfigurationPlatforms) = postSolution
		{FA372878-8996-4716-A49C-36A945EB5250}.Debug|x64.ActiveCfg = Debug|x64
		{FA372878-8996-4716-A49C-36A945EB5250}.Debug|x64.Build.0 = Debug|x64
		{FA372878-8996-4716-A49C-36A945EB5250}.Debug|x86.ActiveCfg = Debug|Win32
		{FA372878-8996-4716-A49C-36A945EB5250}.Debug|x86.Build.0 = Debug|Win32
		{FA372878-8996-4716-A49C-36A945EB5250}.Release|x64.ActiveCfg = Release|x64
		{FA372878-8996-4716-A49C-36A945EB5250}.Release|x64.Build.0 = Release|x64
		{FA372878-8996-4716-A49C-36A945EB5250}.Release|x86.ActiveCfg = Release|Win32
		{FA372878-8996-4716-A49C-36A945EB5250}.Release|x86.Build.0 = Release|Win32
	EndGlobalSection
	GlobalSection(SolutionProperties) = preSolution
		HideSolutionNode = FALSE
	EndGlobalSection
	GlobalSection(ExtensibilityGlobals) = postSolution
		SolutionGuid = {E2DD3004-34BF-4952-9E57-97033259536F}
	EndGlobalSection
EndGlobal
